PODS:
  - connectivity (0.0.1):
    - Flutter
    - Reachability
  - Flutter (1.0.0)
  - flutter_device_locale (0.0.1):
    - Flutter
  - flutter_statusbar_text_color (0.0.1):
    - Flutter
  - flutter_statusbarcolor (0.0.1):
    - Flutter
  - google_maps_flutter (0.0.1):
    - Flutter
    - GoogleMaps
  - GoogleMaps (2.7.0):
    - GoogleMaps/Maps (= 2.7.0)
  - GoogleMaps/Base (2.7.0)
  - GoogleMaps/Maps (2.7.0):
    - GoogleMaps/Base
  - path_provider (0.0.1):
    - Flutter
  - Reachability (3.2)
  - url_launcher (0.0.1):
    - Flutter

DEPENDENCIES:
  - connectivity (from `.symlinks/plugins/connectivity/ios`)
  - Flutter (from `Flutter`)
  - flutter_device_locale (from `.symlinks/plugins/flutter_device_locale/ios`)
  - flutter_statusbar_text_color (from `.symlinks/plugins/flutter_statusbar_text_color/ios`)
  - flutter_statusbarcolor (from `.symlinks/plugins/flutter_statusbarcolor/ios`)
  - google_maps_flutter (from `.symlinks/plugins/google_maps_flutter/ios`)
  - path_provider (from `.symlinks/plugins/path_provider/ios`)
  - url_launcher (from `.symlinks/plugins/url_launcher/ios`)

SPEC REPOS:
  trunk:
    - GoogleMaps
    - Reachability

EXTERNAL SOURCES:
  connectivity:
    :path: ".symlinks/plugins/connectivity/ios"
  Flutter:
    :path: Flutter
  flutter_device_locale:
    :path: ".symlinks/plugins/flutter_device_locale/ios"
  flutter_statusbar_text_color:
    :path: ".symlinks/plugins/flutter_statusbar_text_color/ios"
  flutter_statusbarcolor:
    :path: ".symlinks/plugins/flutter_statusbarcolor/ios"
  google_maps_flutter:
    :path: ".symlinks/plugins/google_maps_flutter/ios"
  path_provider:
    :path: ".symlinks/plugins/path_provider/ios"
  url_launcher:
    :path: ".symlinks/plugins/url_launcher/ios"

SPEC CHECKSUMS:
  connectivity: c4130b2985d4ef6fd26f9702e886bd5260681467
  Flutter: 0e3d915762c693b495b44d77113d4970485de6ec
  flutter_device_locale: 94fbcacb38980dc1a9e31eb4ee8ae6d1c3a73042
  flutter_statusbar_text_color: bfeb27e69d90920ed6ebe0cbe83466011c75c4f4
  flutter_statusbarcolor: 8afb1071ed8c58be929f1e32b36c629771fd2259
  google_maps_flutter: df4e7de95264aa0a2f11aac0fc7e313acb8ffc7e
  GoogleMaps: f79af95cb24d869457b1f961c93d3ce8b2f3b848
  path_provider: abfe2b5c733d04e238b0d8691db0cfd63a27a93c
  Reachability: 33e18b67625424e47b6cde6d202dce689ad7af96
  url_launcher: 6fef411d543ceb26efce54b05a0a40bfd74cbbef

PODFILE CHECKSUM: aafe91acc616949ddb318b77800a7f51bffa2a4c

COCOAPODS: 1.8.4
